PODS:
  - PureLayout (3.0.2)
  - SDWebImage (4.1.0):
    - SDWebImage/Core (= 4.1.0)
  - SDWebImage/Core (4.1.0)
  - SimpleImageSlider (0.6.1):
    - PureLayout
    - SDWebImage

DEPENDENCIES:
  - PureLayout
  - SDWebImage
  - SimpleImageSlider (from `../`)

EXTERNAL SOURCES:
  SimpleImageSlider:
    :path: ../

SPEC CHECKSUMS:
  PureLayout: 4d550abe49a94f24c2808b9b95db9131685fe4cd
  SDWebImage: 0e435c14e402a6730315a0fb79f95e68654d55a4
  SimpleImageSlider: 02e8d45e9d5be0d93e7e51f0b2bc7f84975a1b21

PODFILE CHECKSUM: 8dbfec737e034a8be78fc9b5d82badd5a094d63e

COCOAPODS: 1.3.1
